<?xml version="1.0" encoding="utf-8"?>
<Project ToolsVersion="4.0" xmlns="http://schemas.microsoft.com/developer/msbuild/2003">
  <ItemGroup>
    <Filter Include="Source Files">
      <UniqueIdentifier>{4FC737F1-C7A5-4376-A066-2A32D752A2FF}</UniqueIdentifier>
      <Extensions>cpp;c;cc;cxx;c++;cppm;ixx;def;odl;idl;hpj;bat;asm;asmx</Extensions>
    </Filter>
    <Filter Include="Header Files">
      <UniqueIdentifier>{93995380-89BD-4b04-88EB-625FBE52EBFB}</UniqueIdentifier>
      <Extensions>h;hh;hpp;hxx;h++;hm;inl;inc;ipp;xsd</Extensions>
    </Filter>
    <Filter Include="Resource Files">
      <UniqueIdentifier>{67DA6AB6-F800-4c08-8B7A-83BB121AAD01}</UniqueIdentifier>
      <Extensions>rc;ico;cur;bmp;dlg;rc2;rct;bin;rgs;gif;jpg;jpeg;jpe;resx;tiff;tif;png;wav;mfcribbon-ms</Extensions>
    </Filter>
    <Filter Include="Shaders">
      <UniqueIdentifier>{cd410938-bb45-4317-8afd-658ebcfab200}</UniqueIdentifier>
    </Filter>
  </ItemGroup>
  <ItemGroup>
    <ClCompile Include="..\src\scengine\app_win.c">
      <Filter>Source Files</Filter>
    </ClCompile>
    <ClCompile Include="..\src\scengine\defaults_win.c">
      <Filter>Source Files</Filter>
    </ClCompile>
    <ClCompile Include="..\src\scengine\font_win.cpp">
      <Filter>Source Files</Filter>
    </ClCompile>
    <ClCompile Include="..\src\scengine\gamepad_win.c">
      <Filter>Source Files</Filter>
    </ClCompile>
    <ClCompile Include="..\src\scengine\keyboard_win.c">
      <Filter>Source Files</Filter>
    </ClCompile>
    <ClCompile Include="..\src\main.c">
      <Filter>Source Files</Filter>
    </ClCompile>
    <ClCompile Include="..\src\scengine\mt_random.c">
      <Filter>Source Files</Filter>
    </ClCompile>
    <ClCompile Include="..\src\scengine\quit_win.c">
      <Filter>Source Files</Filter>
    </ClCompile>
    <ClCompile Include="..\src\scengine\renderer.c">
      <Filter>Source Files</Filter>
    </ClCompile>
    <ClCompile Include="..\src\scengine\renderer_d3d11.cpp">
      <Filter>Source Files</Filter>
    </ClCompile>
    <ClCompile Include="..\src\scengine\renderer_projection.c">
      <Filter>Source Files</Filter>
    </ClCompile>
    <ClCompile Include="..\src\scengine\text.c">
      <Filter>Source Files</Filter>
    </ClCompile>
    <ClCompile Include="..\src\scengine\texture.c">
      <Filter>Source Files</Filter>
    </ClCompile>
    <ClCompile Include="..\src\scengine\texture_win.cpp">
      <Filter>Source Files</Filter>
    </ClCompile>
    <ClCompile Include="..\src\scengine\thread_win.c">
      <Filter>Source Files</Filter>
    </ClCompile>
    <ClCompile Include="..\src\scengine\time_win.c">
      <Filter>Source Files</Filter>
    </ClCompile>
    <ClCompile Include="..\src\scengine\window_win.c">
      <Filter>Source Files</Filter>
    </ClCompile>
    <ClCompile Include="..\src\scengine\defaults_file.c">
      <Filter>Source Files</Filter>
    </ClCompile>
  </ItemGroup>
  <ItemGroup>
    <ClInclude Include="..\src\scengine\app.h">
      <Filter>Header Files</Filter>
    </ClInclude>
    <ClInclude Include="..\src\scengine\defaults.h">
      <Filter>Header Files</Filter>
    </ClInclude>
    <ClInclude Include="..\src\scengine\float.h">
      <Filter>Header Files</Filter>
    </ClInclude>
    <ClInclude Include="..\src\scengine\gamepad.h">
      <Filter>Header Files</Filter>
    </ClInclude>
    <ClInclude Include="..\src\scengine\keyboard.h">
      <Filter>Header Files</Filter>
    </ClInclude>
    <ClInclude Include="..\src\scengine\math_3d.h">
      <Filter>Header Files</Filter>
    </ClInclude>
    <ClInclude Include="..\src\scengine\metal_indices.h">
      <Filter>Header Files</Filter>
    </ClInclude>
    <ClInclude Include="..\src\scengine\mt_random.h">
      <Filter>Header Files</Filter>
    </ClInclude>
    <ClInclude Include="..\src\scengine\platforms.h">
      <Filter>Header Files</Filter>
    </ClInclude>
    <ClInclude Include="..\src\scengine\quit.h">
      <Filter>Header Files</Filter>
    </ClInclude>
    <ClInclude Include="..\src\scengine\renderer.h">
      <Filter>Header Files</Filter>
    </ClInclude>
    <ClInclude Include="..\src\scengine\renderer_d3d11.h">
      <Filter>Header Files</Filter>
    </ClInclude>
    <ClInclude Include="..\src\scengine\renderer_metal.h">
      <Filter>Header Files</Filter>
    </ClInclude>
    <ClInclude Include="..\src\scengine\renderer_projection.h">
      <Filter>Header Files</Filter>
    </ClInclude>
    <ClInclude Include="..\src\scengine\renderer_types.h">
      <Filter>Header Files</Filter>
    </ClInclude>
    <ClInclude Include="..\src\scengine\text.h">
      <Filter>Header Files</Filter>
    </ClInclude>
    <ClInclude Include="..\src\scengine\texture.h">
      <Filter>Header Files</Filter>
    </ClInclude>
    <ClInclude Include="..\src\scengine\thread.h">
      <Filter>Header Files</Filter>
    </ClInclude>
    <ClInclude Include="..\src\scengine\window.h">
      <Filter>Header Files</Filter>
    </ClInclude>
    <ClInclude Include="..\src\scengine\zgtime.h">
      <Filter>Header Files</Filter>
    </ClInclude>
    <ClInclude Include="resource.h">
      <Filter>Header Files</Filter>
    </ClInclude>
  </ItemGroup>
  <ItemGroup>
    <FxCompile Include="Shaders\position-pixel.hlsl">
      <Filter>Shaders</Filter>
    </FxCompile>
    <FxCompile Include="Shaders\position-vertex.hlsl">
      <Filter>Shaders</Filter>
    </FxCompile>
    <FxCompile Include="Shaders\texture-position-pixel.hlsl">
      <Filter>Shaders</Filter>
    </FxCompile>
    <FxCompile Include="Shaders\texture-position-vertex.hlsl">
      <Filter>Shaders</Filter>
    </FxCompile>
  </ItemGroup>
  <ItemGroup>
    <ResourceCompile Include="DodgeDanger.rc">
      <Filter>Resource Files</Filter>
    </ResourceCompile>
  </ItemGroup>
</Project>